
Microsoft Visual Studio Solution File, Format Version 12.00
# Visual Studio 2013
VisualStudioVersion = 12.0.21005.1
MinimumVisualStudioVersion = 10.0.40219.1
Project("{FAE04EC0-301F-11D3-BF4B-00C04F79EFBC}") = "FreeShop", "FreeShop\FreeShop.csproj", "{2DE4BB40-A9F8-4159-A6CB-AD9401AD3193}"
EndProject
Project("{FAE04EC0-301F-11D3-BF4B-00C04F79EFBC}") = "FreeShop.DAL", "FreeShop.DAL\FreeShop.DAL.csproj", "{006EEE29-69FA-41DE-8C35-863955836472}"
EndProject
Global
	GlobalSection(SolutionConfigurationPlatforms) = preSolution
		Debug|Any CPU = Debug|Any CPU
		Release|Any CPU = Release|Any CPU
	EndGlobalSection
	GlobalSection(ProjectConfigurationPlatforms) = postSolution
		{2DE4BB40-A9F8-4159-A6CB-AD9401AD3193}.Debug|Any CPU.ActiveCfg = Debug|Any CPU
		{2DE4BB40-A9F8-4159-A6CB-AD9401AD3193}.Debug|Any CPU.Build.0 = Debug|Any CPU
		{2DE4BB40-A9F8-4159-A6CB-AD9401AD3193}.Release|Any CPU.ActiveCfg = Release|Any CPU
		{2DE4BB40-A9F8-4159-A6CB-AD9401AD3193}.Release|Any CPU.Build.0 = Release|Any CPU
		{006EEE29-69FA-41DE-8C35-863955836472}.Debug|Any CPU.ActiveCfg = Debug|Any CPU
		{006EEE29-69FA-41DE-8C35-863955836472}.Debug|Any CPU.Build.0 = Debug|Any CPU
		{006EEE29-69FA-41DE-8C35-863955836472}.Release|Any CPU.ActiveCfg = Release|Any CPU
		{006EEE29-69FA-41DE-8C35-863955836472}.Release|Any CPU.Build.0 = Release|Any CPU
	EndGlobalSection
	GlobalSection(SolutionProperties) = preSolution
		HideSolutionNode = FALSE
	EndGlobalSection
EndGlobal
